lockfileVersion: '9.0'

settings:
  autoInstallPeers: true
  excludeLinksFromLockfile: false

importers:

  .:
    dependencies:
      '@paniolo/cli':
        specifier: ^0.5.76
        version: 0.5.76
      chrome-devtools-mcp:
        specifier: 1.10.1
        version: 1.10.1

packages:

  '@paniolo/cli-darwin-arm64@0.5.76':
    resolution: {integrity: sha512-aMLEcYzyEZAcX1g0as7MAbc4l6IA37ldaZBFIyUhdAXu9MKEbaANhouFJRo0450iO5DsRbkH2ahJYpOt2UwLQg==}
    cpu: [arm64]
    os: [darwin]
    hasBin: true

  '@paniolo/cli-darwin-x64@0.5.76':
    resolution: {integrity: sha512-WWRmnDz2Y0d/f++Juk+UHD38laeObk308aMFf/WpFtxK2p6CiUumrhu2JKH/2kFMfGEiHjQ0dQmxiB/KEosOkQ==}
    cpu: [x64]
    os: [darwin]
    hasBin: true

  '@paniolo/cli-linux-arm64@0.5.76':
    resolution: {integrity: sha512-QLxtEG0MGuaamCcedgTXsnC/Cl8dsyqAQlHhShIYCzr5dSrXxYSVyoBrexLzdlRSEQ40mIpPNeKk0UTKhMxrjg==}
    cpu: [arm64]
    os: [linux]
    hasBin: true

  '@paniolo/cli-linux-x64@0.5.76':
    resolution: {integrity: sha512-eTO6TkDT93/3+cxxPa4Eea0UeL+uJVfdHW5X+EYOKNkBkt7x/16Sf1AmTVETldgQZZasB0tws8vfjlMHq5nQmg==}
    cpu: [x64]
    os: [linux]
    hasBin: true

  '@paniolo/cli-win32-arm64@0.5.76':
    resolution: {integrity: sha512-lWPAcG2cXgMgTDjltNqrdK3hxPZGR8ZSOwOoxEX9TK5UQfDo5QWu4+8MH52o2Ys5VtK1u9IyWXJJHU8chJmtDQ==}
    cpu: [arm64]
    os: [win32]
    hasBin: true

  '@paniolo/cli-win32-x64@0.5.76':
    resolution: {integrity: sha512-8AUn2VEqL0asx1g3rXo3rkkyv9hagGdFC0wDk8rWwJmIYDYYBOjotAI6A1PIiGZ3yb8EJv164G+GuMHYWmiLNg==}
    cpu: [x64]
    os: [win32]
    hasBin: true

  '@paniolo/cli@0.5.76':
    resolution: {integrity: sha512-96OrWY4Cza78J5anYDKjMBUGEki1cDcjxqM/DTTXbHwmuUCyweJYIwdy44y2ao49i8FJFyVsjyl7MOXBCT8Xrg==}
    engines: {node: '>=18'}
    hasBin: true

  chrome-devtools-mcp@1.10.1:
    resolution: {integrity: sha512-Klw6HWDqHC/XS1JwZldd2r49aUhbUJN9m9Mvcx4SEueIPXtzuQX+QelxAViobv8YUkDZ7HWDrmViR6LeYK0wAw==}
    engines: {node: ^20.19.0 || ^22.12.0 || >=23}
    hasBin: true
    peerDependencies:
      '@blackwell-systems/gcf': ^2.2.2
      '@toon-format/toon': ^4.1.0
    peerDependenciesMeta:
      '@blackwell-systems/gcf':
        optional: true
      '@toon-format/toon':
        optional: true

snapshots:

  '@paniolo/cli-darwin-arm64@0.5.76':
    optional: true

  '@paniolo/cli-darwin-x64@0.5.76':
    optional: true

  '@paniolo/cli-linux-arm64@0.5.76':
    optional: true

  '@paniolo/cli-linux-x64@0.5.76':
    optional: true

  '@paniolo/cli-win32-arm64@0.5.76':
    optional: true

  '@paniolo/cli-win32-x64@0.5.76':
    optional: true

  '@paniolo/cli@0.5.76':
    optionalDependencies:
      '@paniolo/cli-darwin-arm64': 0.5.76
      '@paniolo/cli-darwin-x64': 0.5.76
      '@paniolo/cli-linux-arm64': 0.5.76
      '@paniolo/cli-linux-x64': 0.5.76
      '@paniolo/cli-win32-arm64': 0.5.76
      '@paniolo/cli-win32-x64': 0.5.76

  chrome-devtools-mcp@1.10.1: {}
