lockfileVersion: '9.0'

settings:
  autoInstallPeers: true
  excludeLinksFromLockfile: false

importers:

  .:
    dependencies:
      '@paniolo/cli':
        specifier: ^0.5.75
        version: 0.5.75
      chrome-devtools-mcp:
        specifier: 1.10.1
        version: 1.10.1

packages:

  '@paniolo/cli-darwin-arm64@0.5.75':
    resolution: {integrity: sha512-UYDwmY7/5ztP6s11fCqYBo/SbZsnWJ3HbHj7ZApHsL1beBnJ8v46sXPd3r0pRDANRFkME/sB4bX6rq612rdcuA==}
    cpu: [arm64]
    os: [darwin]
    hasBin: true

  '@paniolo/cli-darwin-x64@0.5.75':
    resolution: {integrity: sha512-uPAeUc+MxdisP77hGXf5rQiaq54Rrw0TPP0k/5rJXH3x0j62ab1MfwTzMEl6guE4KdZmrC+35nrVkA1hMRYBSg==}
    cpu: [x64]
    os: [darwin]
    hasBin: true

  '@paniolo/cli-linux-arm64@0.5.75':
    resolution: {integrity: sha512-z2uIvp9vORmaddshlH3jiL3G3XqIIOJsaTCwbX2BFeC1JyEyby7Yl5kZehbXVMffuKOCHQxGyQqoPQOA6KXqVw==}
    cpu: [arm64]
    os: [linux]
    hasBin: true

  '@paniolo/cli-linux-x64@0.5.75':
    resolution: {integrity: sha512-WhyHv6ZQXwzOATEt6vl9iKoSsD+CqmL1ghL1zcMRQvdrzMOZsRFXR/UUK8UpYGILfDWtWAAwjJrYNFH/AVXDrA==}
    cpu: [x64]
    os: [linux]
    hasBin: true

  '@paniolo/cli-win32-arm64@0.5.75':
    resolution: {integrity: sha512-/oIG6FQ+7hNG+MjBqW7xI6AEn+oBEbMa50qXRWhpaorRau5YsMkiL4hqt9q+4fsMZVDGw61enqRRc9es8b8o7Q==}
    cpu: [arm64]
    os: [win32]
    hasBin: true

  '@paniolo/cli-win32-x64@0.5.75':
    resolution: {integrity: sha512-ph+ENvlHxbFJvMks/zm5E0RA6wWenlyESqRF5TwYT/9pxkrNo7LAP7yuwHo6TJnZEsvo+VBBvp6+KOFGssb1LQ==}
    cpu: [x64]
    os: [win32]
    hasBin: true

  '@paniolo/cli@0.5.75':
    resolution: {integrity: sha512-IqULl20SVuAPdKTn32XYqrvDwMI9qZGo9pjCX9XOOVbdb6KssACfYaL7QeEdrQYjUgRZFsZDascF6SEikBZvzQ==}
    engines: {node: '>=18'}
    hasBin: true

  chrome-devtools-mcp@1.10.1:
    resolution: {integrity: sha512-Klw6HWDqHC/XS1JwZldd2r49aUhbUJN9m9Mvcx4SEueIPXtzuQX+QelxAViobv8YUkDZ7HWDrmViR6LeYK0wAw==}
    engines: {node: ^20.19.0 || ^22.12.0 || >=23}
    hasBin: true
    peerDependencies:
      '@blackwell-systems/gcf': ^2.2.2
      '@toon-format/toon': ^4.1.0
    peerDependenciesMeta:
      '@blackwell-systems/gcf':
        optional: true
      '@toon-format/toon':
        optional: true

snapshots:

  '@paniolo/cli-darwin-arm64@0.5.75':
    optional: true

  '@paniolo/cli-darwin-x64@0.5.75':
    optional: true

  '@paniolo/cli-linux-arm64@0.5.75':
    optional: true

  '@paniolo/cli-linux-x64@0.5.75':
    optional: true

  '@paniolo/cli-win32-arm64@0.5.75':
    optional: true

  '@paniolo/cli-win32-x64@0.5.75':
    optional: true

  '@paniolo/cli@0.5.75':
    optionalDependencies:
      '@paniolo/cli-darwin-arm64': 0.5.75
      '@paniolo/cli-darwin-x64': 0.5.75
      '@paniolo/cli-linux-arm64': 0.5.75
      '@paniolo/cli-linux-x64': 0.5.75
      '@paniolo/cli-win32-arm64': 0.5.75
      '@paniolo/cli-win32-x64': 0.5.75

  chrome-devtools-mcp@1.10.1: {}
