lockfileVersion: '9.0'

settings:
  autoInstallPeers: true
  excludeLinksFromLockfile: false

importers:

  .:
    dependencies:
      '@paniolo/cli':
        specifier: ^0.5.73
        version: 0.5.73

packages:

  '@paniolo/cli-darwin-arm64@0.5.73':
    resolution: {integrity: sha512-DmpALcSiARePuk8g+9cLZCZeSIan2Xyr46Q1N/twWJkz5wDt7cWCbiMwGUvLj1+g+/XPDocBnoC9PNmgruL/7w==}
    cpu: [arm64]
    os: [darwin]
    hasBin: true

  '@paniolo/cli-darwin-x64@0.5.73':
    resolution: {integrity: sha512-8VSTpgbywgwq621ZqrO+vvExVcQv97w5B79OJcSIVxKMZmSWMKIIq8Tim2jFlZrnHlolway56mEbBnVXG3cfQg==}
    cpu: [x64]
    os: [darwin]
    hasBin: true

  '@paniolo/cli-linux-arm64@0.5.73':
    resolution: {integrity: sha512-V5IFWZ8xGJRGwCJmjnES/cHE2b01KM6BN19wrzBrKebP4gYWfc0Cs3m24q2E/aPhTyBcTIltCgkT60Tj7TpEBw==}
    cpu: [arm64]
    os: [linux]
    hasBin: true

  '@paniolo/cli-linux-x64@0.5.73':
    resolution: {integrity: sha512-sims5riu0PKguHvUszvP3HYpYaI+h8NH3NggX7yJ/ouG1Uo7H0V+rLY9VkbPAVni1oGzDq0q3VdHkuMrZWjvVQ==}
    cpu: [x64]
    os: [linux]
    hasBin: true

  '@paniolo/cli-win32-arm64@0.5.73':
    resolution: {integrity: sha512-H0QnIZHqovwDp5N57XGTHpJktIraZgudy2/XKAL6mDkjV9FQ4CUqesrzXlTqKvmR1Wr7nO20JhTytX2HegOUbw==}
    cpu: [arm64]
    os: [win32]
    hasBin: true

  '@paniolo/cli-win32-x64@0.5.73':
    resolution: {integrity: sha512-c+qSSuK+9JU7C6epPshf6H6KyiJtbhTeG1RiLv2Rqxj0rc+Q9y8O37+nPM61p4rRZvtTIRSZe0C8WE+NSKGtug==}
    cpu: [x64]
    os: [win32]
    hasBin: true

  '@paniolo/cli@0.5.73':
    resolution: {integrity: sha512-7nmkhWnhAil4qWGMSBiEQr0MSVkeCyKgxgAk6Iqyf+bzwbUt78oZbO+VIdfnrqZU/ARzL6k1O3wGMp6hleYsWQ==}
    engines: {node: '>=18'}
    hasBin: true

snapshots:

  '@paniolo/cli-darwin-arm64@0.5.73':
    optional: true

  '@paniolo/cli-darwin-x64@0.5.73':
    optional: true

  '@paniolo/cli-linux-arm64@0.5.73':
    optional: true

  '@paniolo/cli-linux-x64@0.5.73':
    optional: true

  '@paniolo/cli-win32-arm64@0.5.73':
    optional: true

  '@paniolo/cli-win32-x64@0.5.73':
    optional: true

  '@paniolo/cli@0.5.73':
    optionalDependencies:
      '@paniolo/cli-darwin-arm64': 0.5.73
      '@paniolo/cli-darwin-x64': 0.5.73
      '@paniolo/cli-linux-arm64': 0.5.73
      '@paniolo/cli-linux-x64': 0.5.73
      '@paniolo/cli-win32-arm64': 0.5.73
      '@paniolo/cli-win32-x64': 0.5.73
